
Microsoft Visual Studio Solution File, Format Version 12.00
# Visual Studio Version 16
VisualStudioVersion = 16.0.31702.278
MinimumVisualStudioVersion = 10.0.40219.1
Project("{FAE04EC0-301F-11D3-BF4B-00C04F79EFBC}") = "GenericValidation", "GenericValidation\GenericValidation.csproj", "{4286A683-BC82-4138-A735-3E3A428AEEF8}"
EndProject
Global
	GlobalSection(SolutionConfigurationPlatforms) = preSolution
		Debug|Any CPU = Debug|Any CPU
		Release|Any CPU = Release|Any CPU
	EndGlobalSection
	GlobalSection(ProjectConfigurationPlatforms) = postSolution
		{4286A683-BC82-4138-A735-3E3A428AEEF8}.Debug|Any CPU.ActiveCfg = Debug|Any CPU
		{4286A683-BC82-4138-A735-3E3A428AEEF8}.Debug|Any CPU.Build.0 = Debug|Any CPU
		{4286A683-BC82-4138-A735-3E3A428AEEF8}.Release|Any CPU.ActiveCfg = Release|Any CPU
		{4286A683-BC82-4138-A735-3E3A428AEEF8}.Release|Any CPU.Build.0 = Release|Any CPU
	EndGlobalSection
	GlobalSection(SolutionProperties) = preSolution
		HideSolutionNode = FALSE
	EndGlobalSection
	GlobalSection(ExtensibilityGlobals) = postSolution
		SolutionGuid = {1F980B48-A950-4A81-9968-2FCA2432B340}
	EndGlobalSection
EndGlobal
